{
  "version": 4,
  "terraform_version": "1.7.1",
  "serial": 57,
  "lineage": "5f86a070-e79e-3b25-7033-bef6afd0e5ec",
  "outputs": {
    "public_ip": {
      "value": "3.12.136.72",
      "type": "string"
    },
    "ssh_command": {
      "value": "ssh -i docker-lab-keypair.pem ec2-user@ec2-3-12-136-72.us-east-2.compute.amazonaws.com",
      "type": "string"
    }
  },
  "resources": [
    {
      "mode": "data",
      "type": "aws_ami",
      "name": "amazon_2",
      "provider": "provider[\"registry.terraform.io/hashicorp/aws\"]",
      "instances": [
        {
          "schema_version": 0,
          "attributes": {
            "allow_unsafe_filter": null,
            "architecture": "x86_64",
            "arn": "arn:aws:ec2:us-east-2::image/ami-088b9d967a332c1ca",
            "block_device_mappings": [
              {
                "device_name": "/dev/xvda",
                "ebs": {
                  "delete_on_termination": "true",
                  "encrypted": "false",
                  "iops": "0",
                  "snapshot_id": "snap-05425e5735ac6a5d1",
                  "throughput": "0",
                  "volume_initialization_rate": "0",
                  "volume_size": "8",
                  "volume_type": "standard"
                },
                "no_device": "",
                "virtual_name": ""
              }
            ],
            "boot_mode": "",
            "creation_date": "2025-08-03T03:11:59.000Z",
            "deprecation_time": "2025-11-01T03:12:00.000Z",
            "description": "Amazon Linux 2 AMI 2.0.20250804.1 x86_64 HVM ebs",
            "ena_support": true,
            "executable_users": null,
            "filter": [
              {
                "name": "name",
                "values": [
                  "amzn2-ami-hvm-*-x86_64-ebs"
                ]
              }
            ],
            "hypervisor": "xen",
            "id": "ami-088b9d967a332c1ca",
            "image_id": "ami-088b9d967a332c1ca",
            "image_location": "amazon/amzn2-ami-hvm-2.0.20250804.1-x86_64-ebs",
            "image_owner_alias": "amazon",
            "image_type": "machine",
            "imds_support": "",
            "include_deprecated": false,
            "kernel_id": "",
            "last_launched_time": "",
            "most_recent": true,
            "name": "amzn2-ami-hvm-2.0.20250804.1-x86_64-ebs",
            "name_regex": null,
            "owner_id": "137112412989",
            "owners": [
              "amazon"
            ],
            "platform": "",
            "platform_details": "Linux/UNIX",
            "product_codes": [],
            "public": true,
            "ramdisk_id": "",
            "region": "us-east-2",
            "root_device_name": "/dev/xvda",
            "root_device_type": "ebs",
            "root_snapshot_id": "snap-05425e5735ac6a5d1",
            "sriov_net_support": "simple",
            "state": "available",
            "state_reason": {
              "code": "UNSET",
              "message": "UNSET"
            },
            "tags": {},
            "timeouts": null,
            "tpm_support": "",
            "uefi_data": null,
            "usage_operation": "RunInstances",
            "virtualization_type": "hvm"
          },
          "sensitive_attributes": []
        }
      ]
    },
    {
      "mode": "managed",
      "type": "aws_instance",
      "name": "DockerInstance",
      "provider": "provider[\"registry.terraform.io/hashicorp/aws\"]",
      "instances": [
        {
          "schema_version": 2,
          "attributes": {
            "ami": "ami-088b9d967a332c1ca",
            "arn": "arn:aws:ec2:us-east-2:977098994390:instance/i-08b8559629efb91ab",
            "associate_public_ip_address": true,
            "availability_zone": "us-east-2a",
            "capacity_reservation_specification": [
              {
                "capacity_reservation_preference": "open",
                "capacity_reservation_target": []
              }
            ],
            "cpu_options": [
              {
                "amd_sev_snp": "",
                "core_count": 2,
                "threads_per_core": 1
              }
            ],
            "credit_specification": [
              {
                "cpu_credits": "standard"
              }
            ],
            "disable_api_stop": false,
            "disable_api_termination": false,
            "ebs_block_device": [],
            "ebs_optimized": false,
            "enable_primary_ipv6": null,
            "enclave_options": [
              {
                "enabled": false
              }
            ],
            "ephemeral_block_device": [],
            "get_password_data": false,
            "hibernation": false,
            "host_id": "",
            "host_resource_group_arn": null,
            "iam_instance_profile": "",
            "id": "i-08b8559629efb91ab",
            "instance_initiated_shutdown_behavior": "stop",
            "instance_lifecycle": "",
            "instance_market_options": [],
            "instance_state": "running",
            "instance_type": "t2.medium",
            "ipv6_address_count": 0,
            "ipv6_addresses": [],
            "key_name": "docker-lab-keypair",
            "launch_template": [],
            "maintenance_options": [
              {
                "auto_recovery": "default"
              }
            ],
            "metadata_options": [
              {
                "http_endpoint": "enabled",
                "http_protocol_ipv6": "disabled",
                "http_put_response_hop_limit": 1,
                "http_tokens": "optional",
                "instance_metadata_tags": "disabled"
              }
            ],
            "monitoring": false,
            "network_interface": [],
            "outpost_arn": "",
            "password_data": "",
            "placement_group": "",
            "placement_partition_number": 0,
            "primary_network_interface_id": "eni-048c50c19c7ae774a",
            "private_dns": "ip-192-168-1-198.us-east-2.compute.internal",
            "private_dns_name_options": [
              {
                "enable_resource_name_dns_a_record": false,
                "enable_resource_name_dns_aaaa_record": false,
                "hostname_type": "ip-name"
              }
            ],
            "private_ip": "192.168.1.198",
            "public_dns": "ec2-3-12-136-72.us-east-2.compute.amazonaws.com",
            "public_ip": "3.12.136.72",
            "region": "us-east-2",
            "root_block_device": [
              {
                "delete_on_termination": true,
                "device_name": "/dev/xvda",
                "encrypted": false,
                "iops": 100,
                "kms_key_id": "",
                "tags": null,
                "tags_all": {},
                "throughput": 0,
                "volume_id": "vol-060035f25bba9621b",
                "volume_size": 30,
                "volume_type": "gp2"
              }
            ],
            "secondary_private_ips": [],
            "security_groups": [],
            "source_dest_check": true,
            "spot_instance_request_id": "",
            "subnet_id": "subnet-09981ba8dc7ab25ce",
            "tags": {
              "Name": "docker-lab-instance"
            },
            "tags_all": {
              "Name": "docker-lab-instance"
            },
            "tenancy": "default",
            "timeouts": null,
            "user_data": "#!/bin/bash\r\n# docker install\r\nsudo yum update -y\r\nsudo yum install docker -y\r\nsudo usermod -aG docker ec2-user\r\nsudo service docker start\r\nsudo systemctl enable docker \r\n# Change terminal color for user ec2-user\r\necho \"PS1='\\e[1;32m\\u@\\h \\w$ \\e[m'\" \u003e\u003e /home/ec2-user/.bash_profile\r\n#install git\r\nsudo yum install git -y\r\n# install wget\r\nsudo yum install wget -y\r\n\r\n# Install docker compose\r\n\r\n# Get the latest version number of Docker Compose from GitHub\r\nlatest_version=$(curl -s https://api.github.com/repos/docker/compose/releases/latest | grep '\"tag_name\":' | cut -d '\"' -f 4)\r\n\r\n# Download Docker Compose binary\r\nsudo curl -L \"https://github.com/docker/compose/releases/download/${latest_version}/docker-compose-$(uname -s)-$(uname -m)\" -o /usr/local/bin/docker-compose\r\n# grant permissions\r\nsudo chmod +x /usr/local/bin/docker-compose\r\n",
            "user_data_base64": null,
            "user_data_replace_on_change": false,
            "volume_tags": null,
            "vpc_security_group_ids": [
              "sg-06f3b276826e24784"
            ]
          },
          "sensitive_attributes": [],
          "private": "eyJlMmJmYjczMC1lY2FhLTExZTYtOGY4OC0zNDM2M2JjN2M0YzAiOnsiY3JlYXRlIjo2MDAwMDAwMDAwMDAsImRlbGV0ZSI6MTIwMDAwMDAwMDAwMCwicmVhZCI6OTAwMDAwMDAwMDAwLCJ1cGRhdGUiOjYwMDAwMDAwMDAwMH0sInNjaGVtYV92ZXJzaW9uIjoiMiJ9",
          "dependencies": [
            "aws_key_pair.ec2_key",
            "aws_security_group.web_sg",
            "aws_subnet.public_subnet",
            "aws_vpc.lab_vpc",
            "data.aws_ami.amazon_2",
            "tls_private_key.ec2_key"
          ]
        }
      ]
    },
    {
      "mode": "managed",
      "type": "aws_internet_gateway",
      "name": "igw",
      "provider": "provider[\"registry.terraform.io/hashicorp/aws\"]",
      "instances": [
        {
          "schema_version": 0,
          "attributes": {
            "arn": "arn:aws:ec2:us-east-2:977098994390:internet-gateway/igw-03c08e3b01f992e23",
            "id": "igw-03c08e3b01f992e23",
            "owner_id": "977098994390",
            "region": "us-east-2",
            "tags": {
              "Name": "docker-lab-igw"
            },
            "tags_all": {
              "Name": "docker-lab-igw"
            },
            "timeouts": null,
            "vpc_id": "vpc-0f9a993b86eb94358"
          },
          "sensitive_attributes": [],
          "private": "eyJlMmJmYjczMC1lY2FhLTExZTYtOGY4OC0zNDM2M2JjN2M0YzAiOnsiY3JlYXRlIjoxMjAwMDAwMDAwMDAwLCJkZWxldGUiOjEyMDAwMDAwMDAwMDAsInVwZGF0ZSI6MTIwMDAwMDAwMDAwMH19",
          "dependencies": [
            "aws_vpc.lab_vpc"
          ]
        }
      ]
    },
    {
      "mode": "managed",
      "type": "aws_key_pair",
      "name": "ec2_key",
      "provider": "provider[\"registry.terraform.io/hashicorp/aws\"]",
      "instances": [
        {
          "schema_version": 1,
          "attributes": {
            "arn": "arn:aws:ec2:us-east-2:977098994390:key-pair/docker-lab-keypair",
            "fingerprint": "80:bb:38:82:ae:21:6e:bc:02:fb:44:55:d6:69:c9:c8",
            "id": "docker-lab-keypair",
            "key_name": "docker-lab-keypair",
            "key_name_prefix": "",
            "key_pair_id": "key-01581296c49a96e83",
            "key_type": "rsa",
            "public_key": "ssh-rsa AAAAB3NzaC1yc2EAAAADAQABAAABAQCzqDXDc2S33zQJOie9OgmIOra3ATkEYWs1tmwoYXoqGV8SMpl9K6Oh4mD4/Wu895XDHtyCoMCRWoF0GOZxmPo9VthTY6PZUGw185XPUcl8+eD4LK509c9BaBi3+RE70BokYa7ZLjo/Zafdpek+3Xa17FwWjpMjx/Ytk8N/AF//gLrCRI7UFjF8bgnBAUfgEgva9ZsOhgUmQvr1z9K0VPI8eJlzQhLGvbfbzS8BnnwpfDOn3D2A4NzMdGz2ZkXZi11IRIftzD6Aruaq3nE2rt8o8lme2+8978SQ/lM7cS0EA1W3KMw8azieruxWNxaBlHMDesBH8ns8dXRHP1UHK9a3",
            "region": "us-east-2",
            "tags": null,
            "tags_all": {}
          },
          "sensitive_attributes": [],
          "private": "eyJzY2hlbWFfdmVyc2lvbiI6IjEifQ==",
          "dependencies": [
            "tls_private_key.ec2_key"
          ]
        }
      ]
    },
    {
      "mode": "managed",
      "type": "aws_route_table",
      "name": "public_rt",
      "provider": "provider[\"registry.terraform.io/hashicorp/aws\"]",
      "instances": [
        {
          "schema_version": 0,
          "attributes": {
            "arn": "arn:aws:ec2:us-east-2:977098994390:route-table/rtb-0b83410a1bbf3a1da",
            "id": "rtb-0b83410a1bbf3a1da",
            "owner_id": "977098994390",
            "propagating_vgws": [],
            "region": "us-east-2",
            "route": [
              {
                "carrier_gateway_id": "",
                "cidr_block": "0.0.0.0/0",
                "core_network_arn": "",
                "destination_prefix_list_id": "",
                "egress_only_gateway_id": "",
                "gateway_id": "igw-03c08e3b01f992e23",
                "ipv6_cidr_block": "",
                "local_gateway_id": "",
                "nat_gateway_id": "",
                "network_interface_id": "",
                "transit_gateway_id": "",
                "vpc_endpoint_id": "",
                "vpc_peering_connection_id": ""
              }
            ],
            "tags": {
              "Name": "docker-lab-public-route-table"
            },
            "tags_all": {
              "Name": "docker-lab-public-route-table"
            },
            "timeouts": null,
            "vpc_id": "vpc-0f9a993b86eb94358"
          },
          "sensitive_attributes": [],
          "private": "eyJlMmJmYjczMC1lY2FhLTExZTYtOGY4OC0zNDM2M2JjN2M0YzAiOnsiY3JlYXRlIjozMDAwMDAwMDAwMDAsImRlbGV0ZSI6MzAwMDAwMDAwMDAwLCJ1cGRhdGUiOjEyMDAwMDAwMDAwMH19",
          "dependencies": [
            "aws_internet_gateway.igw",
            "aws_vpc.lab_vpc"
          ]
        }
      ]
    },
    {
      "mode": "managed",
      "type": "aws_route_table_association",
      "name": "public_assoc",
      "provider": "provider[\"registry.terraform.io/hashicorp/aws\"]",
      "instances": [
        {
          "schema_version": 0,
          "attributes": {
            "gateway_id": "",
            "id": "rtbassoc-007e74612dbc93f3b",
            "region": "us-east-2",
            "route_table_id": "rtb-0b83410a1bbf3a1da",
            "subnet_id": "subnet-09981ba8dc7ab25ce",
            "timeouts": null
          },
          "sensitive_attributes": [],
          "private": "eyJlMmJmYjczMC1lY2FhLTExZTYtOGY4OC0zNDM2M2JjN2M0YzAiOnsiY3JlYXRlIjozMDAwMDAwMDAwMDAsImRlbGV0ZSI6MzAwMDAwMDAwMDAwLCJ1cGRhdGUiOjEyMDAwMDAwMDAwMH19",
          "dependencies": [
            "aws_internet_gateway.igw",
            "aws_route_table.public_rt",
            "aws_subnet.public_subnet",
            "aws_vpc.lab_vpc"
          ]
        }
      ]
    },
    {
      "mode": "managed",
      "type": "aws_security_group",
      "name": "web_sg",
      "provider": "provider[\"registry.terraform.io/hashicorp/aws\"]",
      "instances": [
        {
          "schema_version": 1,
          "attributes": {
            "arn": "arn:aws:ec2:us-east-2:977098994390:security-group/sg-06f3b276826e24784",
            "description": "Allow SSH and HTTP inbound traffic",
            "egress": [
              {
                "cidr_blocks": [
                  "0.0.0.0/0"
                ],
                "description": "",
                "from_port": 0,
                "ipv6_cidr_blocks": [],
                "prefix_list_ids": [],
                "protocol": "-1",
                "security_groups": [],
                "self": false,
                "to_port": 0
              }
            ],
            "id": "sg-06f3b276826e24784",
            "ingress": [
              {
                "cidr_blocks": [
                  "0.0.0.0/0"
                ],
                "description": "Allow HTTP traffic",
                "from_port": 80,
                "ipv6_cidr_blocks": [],
                "prefix_list_ids": [],
                "protocol": "tcp",
                "security_groups": [],
                "self": false,
                "to_port": 80
              },
              {
                "cidr_blocks": [
                  "0.0.0.0/0"
                ],
                "description": "Allow SSH traffic",
                "from_port": 22,
                "ipv6_cidr_blocks": [],
                "prefix_list_ids": [],
                "protocol": "tcp",
                "security_groups": [],
                "self": false,
                "to_port": 22
              },
              {
                "cidr_blocks": [
                  "0.0.0.0/0"
                ],
                "description": "Allow app traffic",
                "from_port": 8000,
                "ipv6_cidr_blocks": [],
                "prefix_list_ids": [],
                "protocol": "tcp",
                "security_groups": [],
                "self": false,
                "to_port": 8100
              }
            ],
            "name": "docker-Web-SG",
            "name_prefix": "",
            "owner_id": "977098994390",
            "region": "us-east-2",
            "revoke_rules_on_delete": false,
            "tags": {
              "Name": "docker-lab-SG"
            },
            "tags_all": {
              "Name": "docker-lab-SG"
            },
            "timeouts": null,
            "vpc_id": "vpc-0f9a993b86eb94358"
          },
          "sensitive_attributes": [],
          "private": "eyJlMmJmYjczMC1lY2FhLTExZTYtOGY4OC0zNDM2M2JjN2M0YzAiOnsiY3JlYXRlIjo2MDAwMDAwMDAwMDAsImRlbGV0ZSI6OTAwMDAwMDAwMDAwfSwic2NoZW1hX3ZlcnNpb24iOiIxIn0=",
          "dependencies": [
            "aws_vpc.lab_vpc"
          ]
        }
      ]
    },
    {
      "mode": "managed",
      "type": "aws_subnet",
      "name": "public_subnet",
      "provider": "provider[\"registry.terraform.io/hashicorp/aws\"]",
      "instances": [
        {
          "schema_version": 1,
          "attributes": {
            "arn": "arn:aws:ec2:us-east-2:977098994390:subnet/subnet-09981ba8dc7ab25ce",
            "assign_ipv6_address_on_creation": false,
            "availability_zone": "us-east-2a",
            "availability_zone_id": "use2-az1",
            "cidr_block": "192.168.1.0/24",
            "customer_owned_ipv4_pool": "",
            "enable_dns64": false,
            "enable_lni_at_device_index": 0,
            "enable_resource_name_dns_a_record_on_launch": false,
            "enable_resource_name_dns_aaaa_record_on_launch": false,
            "id": "subnet-09981ba8dc7ab25ce",
            "ipv6_cidr_block": "",
            "ipv6_cidr_block_association_id": "",
            "ipv6_native": false,
            "map_customer_owned_ip_on_launch": false,
            "map_public_ip_on_launch": true,
            "outpost_arn": "",
            "owner_id": "977098994390",
            "private_dns_hostname_type_on_launch": "ip-name",
            "region": "us-east-2",
            "tags": {
              "Name": "docker-lab-public-subnet"
            },
            "tags_all": {
              "Name": "docker-lab-public-subnet"
            },
            "timeouts": null,
            "vpc_id": "vpc-0f9a993b86eb94358"
          },
          "sensitive_attributes": [],
          "private": "eyJlMmJmYjczMC1lY2FhLTExZTYtOGY4OC0zNDM2M2JjN2M0YzAiOnsiY3JlYXRlIjo2MDAwMDAwMDAwMDAsImRlbGV0ZSI6MTIwMDAwMDAwMDAwMH0sInNjaGVtYV92ZXJzaW9uIjoiMSJ9",
          "dependencies": [
            "aws_vpc.lab_vpc"
          ]
        }
      ]
    },
    {
      "mode": "managed",
      "type": "aws_vpc",
      "name": "lab_vpc",
      "provider": "provider[\"registry.terraform.io/hashicorp/aws\"]",
      "instances": [
        {
          "schema_version": 1,
          "attributes": {
            "arn": "arn:aws:ec2:us-east-2:977098994390:vpc/vpc-0f9a993b86eb94358",
            "assign_generated_ipv6_cidr_block": false,
            "cidr_block": "192.168.0.0/16",
            "default_network_acl_id": "acl-0342a6d0b501fce49",
            "default_route_table_id": "rtb-0484e6b28889bb4cf",
            "default_security_group_id": "sg-06ab2efe78f3f112f",
            "dhcp_options_id": "dopt-08e01933fb7f73234",
            "enable_dns_hostnames": true,
            "enable_dns_support": true,
            "enable_network_address_usage_metrics": false,
            "id": "vpc-0f9a993b86eb94358",
            "instance_tenancy": "default",
            "ipv4_ipam_pool_id": null,
            "ipv4_netmask_length": null,
            "ipv6_association_id": "",
            "ipv6_cidr_block": "",
            "ipv6_cidr_block_network_border_group": "",
            "ipv6_ipam_pool_id": "",
            "ipv6_netmask_length": 0,
            "main_route_table_id": "rtb-0484e6b28889bb4cf",
            "owner_id": "977098994390",
            "region": "us-east-2",
            "tags": {
              "Name": "docker-lab-VPC"
            },
            "tags_all": {
              "Name": "docker-lab-VPC"
            }
          },
          "sensitive_attributes": [],
          "private": "eyJzY2hlbWFfdmVyc2lvbiI6IjEifQ=="
        }
      ]
    },
    {
      "mode": "managed",
      "type": "local_file",
      "name": "ssh_key",
      "provider": "provider[\"registry.terraform.io/hashicorp/local\"]",
      "instances": [
        {
          "schema_version": 0,
          "attributes": {
            "content": "-----BEGIN RSA PRIVATE KEY-----\nMIIEowIBAAKCAQEAs6g1w3Nkt980CTonvToJiDq2twE5BGFrNbZsKGF6KhlfEjKZ\nfSujoeJg+P1rvPeVwx7cgqDAkVqBdBjmcZj6PVbYU2Oj2VBsNfOVz1HJfPng+Cyu\ndPXPQWgYt/kRO9AaJGGu2S46P2Wn3aXpPt12texcFo6TI8f2LZPDfwBf/4C6wkSO\n1BYxfG4JwQFH4BIL2vWbDoYFJkL69c/StFTyPHiZc0ISxr23280vAZ58KXwzp9w9\ngODczHRs9mZF2YtdSESH7cw+gK7mqt5xNq7fKPJZntvvPe/EkP5TO3EtBANVtyjM\nPGs4nq7sVjcWgZRzA3rAR/J7PHV0Rz9VByvWtwIDAQABAoIBAD088g6MT+GJGJCo\nnREYLlWcRdm9dfTzS/sEEnv1NhIRkeF/E+ihrmYo5wsYPtgrwIXBCEMSjnE9W3D6\nZ9qC3ZF4/8X06c3SZwBA5mjDpR2Pg0q02EaP3zSZSguzv1cXCUIrddEbu8kOWpjn\ny8ic7rD2PzGFKcyBhX1lp7arpw1M/dtb+D7lqZIlF3xy7vTfmo3eTsSMiBllbcKa\n+3yXlwQP+tg8lEQ4nvzyrY7DANtHn9gpEvrkGy62g3g2wT829nCsqYnClA+Z7ofv\nA6qYJcwe/YSrPAYsLaPEDPtdsUUgfb9j4LkPxNTpHtNCTOLX0YSy6GTJG/Krefrg\nG6XiqOECgYEAwSzZy7w5KYrcTuBtTeI0Cw/0UPlw0z37TCGdzg8fvPqYQxOvaJ3c\nza1Zm8IKAd7jyXwmM3JFNr1l2irU953KUBnWIA4px6PKVAHpiB+BYVlmeJQsQ7ad\nIhxHJ2SQsiOoP0OoD700826Q9G/sZLGQFGRfP/UC06efARYFXcGrFScCgYEA7hXi\nFfjMB+N3VLUGrD1Bm0nPH2V1T+jtWuuE3B3ye3PUXO0EH0fptqbaCvDSbBP4+TD1\n6huLi/1pj91W0jFwGoNklRDr+xheg89FnWc3BYC9bH/sLmIWcENCNzPjXzzLCirr\nwgVvS5vuY/AiYJ5O1MQSYNMVyMtbw/28lBZRy/ECgYBAXDwYOBbnc19hXD6uoz3p\nraAd1m2zw8PVIqIcBEfzw541Qvq/JVFqqWXgki6ZXvSPrbBglaLf0Qx9OqYH9edw\n9pqzxWRAIp8HjDeNZcnKcGnGpL92tAH4WmmOg1/+KgklQtpcnBJnRKBBAIVHKy2w\nzZw6h9wwPnmod/jDuwHQIwKBgQCyu2zZj8gjl+iqh6e1v9qzqCo8aJ8z2SnummZI\nFJdHhEIFbM0uan8SZpnDotxk1G2RLOc/02PkON55aPFXpFODI+ZrXaO6AaZaj0y0\niJqun+IURMhaXbp4lpVr+aEUiv/l5yjLo+bUPQAuuEQmglGtunANjgmJjtiZ/q8G\nAOdxEQKBgDe2JYqBkg8cvS9nzpepYz+ITRveo5y9KMp6DMwTVvgS8yNwFfHrdxu9\noNMwxApiL0tmyEaR2VQRvvBXFMt82/Pz+V3AUDS/cqd/l81RZSZynug9WS6dlPBg\n6h/bFpGBv4XKMxsrC+8sFB4WDDQR58+QeE5RxKKEFPtUM5ugt1tK\n-----END RSA PRIVATE KEY-----\n",
            "content_base64": null,
            "content_base64sha256": "E03uNCy8x8ldw0IBxKG+tQx8iBAx3Jvsvv0+1WojRuY=",
            "content_base64sha512": "E2kvd0MGjrGviaSeyjPLkLI8meG2kGlFNxxOv1qqUzLMZcZNSEcoiqkxUNmi07xsQyCKQ29RDd1w35R+zq+M1Q==",
            "content_md5": "bca01dd294cdeeec404074bd40a922be",
            "content_sha1": "ad515ccee88204bc4ea9723eaa3d54f14592d0ca",
            "content_sha256": "134dee342cbcc7c95dc34201c4a1beb50c7c881031dc9becbefd3ed56a2346e6",
            "content_sha512": "13692f7743068eb1af89a49eca33cb90b23c99e1b6906945371c4ebf5aaa5332cc65c64d4847288aa93150d9a2d3bc6c43208a436f510ddd70df947eceaf8cd5",
            "directory_permission": "0777",
            "file_permission": "400",
            "filename": "docker-lab-keypair.pem",
            "id": "ad515ccee88204bc4ea9723eaa3d54f14592d0ca",
            "sensitive_content": null,
            "source": null
          },
          "sensitive_attributes": [
            [
              {
                "type": "get_attr",
                "value": "content"
              }
            ]
          ],
          "dependencies": [
            "aws_key_pair.ec2_key",
            "tls_private_key.ec2_key"
          ]
        }
      ]
    },
    {
      "mode": "managed",
      "type": "tls_private_key",
      "name": "ec2_key",
      "provider": "provider[\"registry.terraform.io/hashicorp/tls\"]",
      "instances": [
        {
          "schema_version": 1,
          "attributes": {
            "algorithm": "RSA",
            "ecdsa_curve": "P224",
            "id": "314e3a6409724fbf0c2a380f1fd8cdc0896d9830",
            "private_key_openssh": "-----BEGIN OPENSSH PRIVATE KEY-----\nb3BlbnNzaC1rZXktdjEAAAAABG5vbmUAAAAEbm9uZQAAAAAAAAABAAABFwAAAAdz\nc2gtcnNhAAAAAwEAAQAAAQEAs6g1w3Nkt980CTonvToJiDq2twE5BGFrNbZsKGF6\nKhlfEjKZfSujoeJg+P1rvPeVwx7cgqDAkVqBdBjmcZj6PVbYU2Oj2VBsNfOVz1HJ\nfPng+CyudPXPQWgYt/kRO9AaJGGu2S46P2Wn3aXpPt12texcFo6TI8f2LZPDfwBf\n/4C6wkSO1BYxfG4JwQFH4BIL2vWbDoYFJkL69c/StFTyPHiZc0ISxr23280vAZ58\nKXwzp9w9gODczHRs9mZF2YtdSESH7cw+gK7mqt5xNq7fKPJZntvvPe/EkP5TO3Et\nBANVtyjMPGs4nq7sVjcWgZRzA3rAR/J7PHV0Rz9VByvWtwAAA7iCwjkggsI5IAAA\nAAdzc2gtcnNhAAABAQCzqDXDc2S33zQJOie9OgmIOra3ATkEYWs1tmwoYXoqGV8S\nMpl9K6Oh4mD4/Wu895XDHtyCoMCRWoF0GOZxmPo9VthTY6PZUGw185XPUcl8+eD4\nLK509c9BaBi3+RE70BokYa7ZLjo/Zafdpek+3Xa17FwWjpMjx/Ytk8N/AF//gLrC\nRI7UFjF8bgnBAUfgEgva9ZsOhgUmQvr1z9K0VPI8eJlzQhLGvbfbzS8BnnwpfDOn\n3D2A4NzMdGz2ZkXZi11IRIftzD6Aruaq3nE2rt8o8lme2+8978SQ/lM7cS0EA1W3\nKMw8azieruxWNxaBlHMDesBH8ns8dXRHP1UHK9a3AAAAAwEAAQAAAQA9PPIOjE/h\niRiQqJ0RGC5VnEXZvXX080v7BBJ79TYSEZHhfxPooa5mKOcLGD7YK8CFwQhDEo5x\nPVtw+mfagt2ReP/F9OnN0mcAQOZow6Udj4NKtNhGj980mUoLs79XFwlCK3XRG7vJ\nDlqY58vInO6w9j8xhSnMgYV9Zae2q6cNTP3bW/g+5amSJRd8cu7035qN3k7EjIgZ\nZW3Cmvt8l5cED/rYPJREOJ788q2OwwDbR5/YKRL65BsutoN4NsE/NvZwrKmJwpQP\nme6H7wOqmCXMHv2EqzwGLC2jxAz7XbFFIH2/Y+C5D8TU6R7TQkzi19GEsuhkyRvy\nq3n64Bul4qjhAAAAgDe2JYqBkg8cvS9nzpepYz+ITRveo5y9KMp6DMwTVvgS8yNw\nFfHrdxu9oNMwxApiL0tmyEaR2VQRvvBXFMt82/Pz+V3AUDS/cqd/l81RZSZynug9\nWS6dlPBg6h/bFpGBv4XKMxsrC+8sFB4WDDQR58+QeE5RxKKEFPtUM5ugt1tKAAAA\ngQDBLNnLvDkpitxO4G1N4jQLD/RQ+XDTPftMIZ3ODx+8+phDE69ondzNrVmbwgoB\n3uPJfCYzckU2vWXaKtT3ncpQGdYgDinHo8pUAemIH4FhWWZ4lCxDtp0iHEcnZJCy\nI6g/Q6gPvTTzbpD0b+xksZAUZF8/9QLTp58BFgVdwasVJwAAAIEA7hXiFfjMB+N3\nVLUGrD1Bm0nPH2V1T+jtWuuE3B3ye3PUXO0EH0fptqbaCvDSbBP4+TD16huLi/1p\nj91W0jFwGoNklRDr+xheg89FnWc3BYC9bH/sLmIWcENCNzPjXzzLCirrwgVvS5vu\nY/AiYJ5O1MQSYNMVyMtbw/28lBZRy/EAAAAAAQID\n-----END OPENSSH PRIVATE KEY-----\n",
            "private_key_pem": "-----BEGIN RSA PRIVATE KEY-----\nMIIEowIBAAKCAQEAs6g1w3Nkt980CTonvToJiDq2twE5BGFrNbZsKGF6KhlfEjKZ\nfSujoeJg+P1rvPeVwx7cgqDAkVqBdBjmcZj6PVbYU2Oj2VBsNfOVz1HJfPng+Cyu\ndPXPQWgYt/kRO9AaJGGu2S46P2Wn3aXpPt12texcFo6TI8f2LZPDfwBf/4C6wkSO\n1BYxfG4JwQFH4BIL2vWbDoYFJkL69c/StFTyPHiZc0ISxr23280vAZ58KXwzp9w9\ngODczHRs9mZF2YtdSESH7cw+gK7mqt5xNq7fKPJZntvvPe/EkP5TO3EtBANVtyjM\nPGs4nq7sVjcWgZRzA3rAR/J7PHV0Rz9VByvWtwIDAQABAoIBAD088g6MT+GJGJCo\nnREYLlWcRdm9dfTzS/sEEnv1NhIRkeF/E+ihrmYo5wsYPtgrwIXBCEMSjnE9W3D6\nZ9qC3ZF4/8X06c3SZwBA5mjDpR2Pg0q02EaP3zSZSguzv1cXCUIrddEbu8kOWpjn\ny8ic7rD2PzGFKcyBhX1lp7arpw1M/dtb+D7lqZIlF3xy7vTfmo3eTsSMiBllbcKa\n+3yXlwQP+tg8lEQ4nvzyrY7DANtHn9gpEvrkGy62g3g2wT829nCsqYnClA+Z7ofv\nA6qYJcwe/YSrPAYsLaPEDPtdsUUgfb9j4LkPxNTpHtNCTOLX0YSy6GTJG/Krefrg\nG6XiqOECgYEAwSzZy7w5KYrcTuBtTeI0Cw/0UPlw0z37TCGdzg8fvPqYQxOvaJ3c\nza1Zm8IKAd7jyXwmM3JFNr1l2irU953KUBnWIA4px6PKVAHpiB+BYVlmeJQsQ7ad\nIhxHJ2SQsiOoP0OoD700826Q9G/sZLGQFGRfP/UC06efARYFXcGrFScCgYEA7hXi\nFfjMB+N3VLUGrD1Bm0nPH2V1T+jtWuuE3B3ye3PUXO0EH0fptqbaCvDSbBP4+TD1\n6huLi/1pj91W0jFwGoNklRDr+xheg89FnWc3BYC9bH/sLmIWcENCNzPjXzzLCirr\nwgVvS5vuY/AiYJ5O1MQSYNMVyMtbw/28lBZRy/ECgYBAXDwYOBbnc19hXD6uoz3p\nraAd1m2zw8PVIqIcBEfzw541Qvq/JVFqqWXgki6ZXvSPrbBglaLf0Qx9OqYH9edw\n9pqzxWRAIp8HjDeNZcnKcGnGpL92tAH4WmmOg1/+KgklQtpcnBJnRKBBAIVHKy2w\nzZw6h9wwPnmod/jDuwHQIwKBgQCyu2zZj8gjl+iqh6e1v9qzqCo8aJ8z2SnummZI\nFJdHhEIFbM0uan8SZpnDotxk1G2RLOc/02PkON55aPFXpFODI+ZrXaO6AaZaj0y0\niJqun+IURMhaXbp4lpVr+aEUiv/l5yjLo+bUPQAuuEQmglGtunANjgmJjtiZ/q8G\nAOdxEQKBgDe2JYqBkg8cvS9nzpepYz+ITRveo5y9KMp6DMwTVvgS8yNwFfHrdxu9\noNMwxApiL0tmyEaR2VQRvvBXFMt82/Pz+V3AUDS/cqd/l81RZSZynug9WS6dlPBg\n6h/bFpGBv4XKMxsrC+8sFB4WDDQR58+QeE5RxKKEFPtUM5ugt1tK\n-----END RSA PRIVATE KEY-----\n",
            "private_key_pem_pkcs8": "-----BEGIN PRIVATE KEY-----\nMIIEvQIBADANBgkqhkiG9w0BAQEFAASCBKcwggSjAgEAAoIBAQCzqDXDc2S33zQJ\nOie9OgmIOra3ATkEYWs1tmwoYXoqGV8SMpl9K6Oh4mD4/Wu895XDHtyCoMCRWoF0\nGOZxmPo9VthTY6PZUGw185XPUcl8+eD4LK509c9BaBi3+RE70BokYa7ZLjo/Zafd\npek+3Xa17FwWjpMjx/Ytk8N/AF//gLrCRI7UFjF8bgnBAUfgEgva9ZsOhgUmQvr1\nz9K0VPI8eJlzQhLGvbfbzS8BnnwpfDOn3D2A4NzMdGz2ZkXZi11IRIftzD6Aruaq\n3nE2rt8o8lme2+8978SQ/lM7cS0EA1W3KMw8azieruxWNxaBlHMDesBH8ns8dXRH\nP1UHK9a3AgMBAAECggEAPTzyDoxP4YkYkKidERguVZxF2b119PNL+wQSe/U2EhGR\n4X8T6KGuZijnCxg+2CvAhcEIQxKOcT1bcPpn2oLdkXj/xfTpzdJnAEDmaMOlHY+D\nSrTYRo/fNJlKC7O/VxcJQit10Ru7yQ5amOfLyJzusPY/MYUpzIGFfWWntqunDUz9\n21v4PuWpkiUXfHLu9N+ajd5OxIyIGWVtwpr7fJeXBA/62DyURDie/PKtjsMA20ef\n2CkS+uQbLraDeDbBPzb2cKypicKUD5nuh+8DqpglzB79hKs8Biwto8QM+12xRSB9\nv2PguQ/E1Oke00JM4tfRhLLoZMkb8qt5+uAbpeKo4QKBgQDBLNnLvDkpitxO4G1N\n4jQLD/RQ+XDTPftMIZ3ODx+8+phDE69ondzNrVmbwgoB3uPJfCYzckU2vWXaKtT3\nncpQGdYgDinHo8pUAemIH4FhWWZ4lCxDtp0iHEcnZJCyI6g/Q6gPvTTzbpD0b+xk\nsZAUZF8/9QLTp58BFgVdwasVJwKBgQDuFeIV+MwH43dUtQasPUGbSc8fZXVP6O1a\n64TcHfJ7c9Rc7QQfR+m2ptoK8NJsE/j5MPXqG4uL/WmP3VbSMXAag2SVEOv7GF6D\nz0WdZzcFgL1sf+wuYhZwQ0I3M+NfPMsKKuvCBW9Lm+5j8CJgnk7UxBJg0xXIy1vD\n/byUFlHL8QKBgEBcPBg4FudzX2FcPq6jPemtoB3WbbPDw9UiohwER/PDnjVC+r8l\nUWqpZeCSLple9I+tsGCVot/RDH06pgf153D2mrPFZEAinweMN41lycpwacakv3a0\nAfhaaY6DX/4qCSVC2lycEmdEoEEAhUcrLbDNnDqH3DA+eah3+MO7AdAjAoGBALK7\nbNmPyCOX6KqHp7W/2rOoKjxonzPZKe6aZkgUl0eEQgVszS5qfxJmmcOi3GTUbZEs\n5z/TY+Q43nlo8VekU4Mj5mtdo7oBplqPTLSImq6f4hREyFpduniWlWv5oRSK/+Xn\nKMuj5tQ9AC64RCaCUa26cA2OCYmO2Jn+rwYA53ERAoGAN7YlioGSDxy9L2fOl6lj\nP4hNG96jnL0oynoMzBNW+BLzI3AV8et3G72g0zDECmIvS2bIRpHZVBG+8FcUy3zb\n8/P5XcBQNL9yp3+XzVFlJnKe6D1ZLp2U8GDqH9sWkYG/hcozGysL7ywUHhYMNBHn\nz5B4TlHEooQU+1Qzm6C3W0o=\n-----END PRIVATE KEY-----\n",
            "public_key_fingerprint_md5": "52:5a:af:ca:25:33:dd:a0:ce:59:0c:e9:cb:5a:84:06",
            "public_key_fingerprint_sha256": "SHA256:2l24uf+mmAYnpR9TrHCIk0gS6zfOZF7DaUHE/iDgwDo",
            "public_key_openssh": "ssh-rsa AAAAB3NzaC1yc2EAAAADAQABAAABAQCzqDXDc2S33zQJOie9OgmIOra3ATkEYWs1tmwoYXoqGV8SMpl9K6Oh4mD4/Wu895XDHtyCoMCRWoF0GOZxmPo9VthTY6PZUGw185XPUcl8+eD4LK509c9BaBi3+RE70BokYa7ZLjo/Zafdpek+3Xa17FwWjpMjx/Ytk8N/AF//gLrCRI7UFjF8bgnBAUfgEgva9ZsOhgUmQvr1z9K0VPI8eJlzQhLGvbfbzS8BnnwpfDOn3D2A4NzMdGz2ZkXZi11IRIftzD6Aruaq3nE2rt8o8lme2+8978SQ/lM7cS0EA1W3KMw8azieruxWNxaBlHMDesBH8ns8dXRHP1UHK9a3\n",
            "public_key_pem": "-----BEGIN PUBLIC KEY-----\nMIIBIjANBgkqhkiG9w0BAQEFAAOCAQ8AMIIBCgKCAQEAs6g1w3Nkt980CTonvToJ\niDq2twE5BGFrNbZsKGF6KhlfEjKZfSujoeJg+P1rvPeVwx7cgqDAkVqBdBjmcZj6\nPVbYU2Oj2VBsNfOVz1HJfPng+CyudPXPQWgYt/kRO9AaJGGu2S46P2Wn3aXpPt12\ntexcFo6TI8f2LZPDfwBf/4C6wkSO1BYxfG4JwQFH4BIL2vWbDoYFJkL69c/StFTy\nPHiZc0ISxr23280vAZ58KXwzp9w9gODczHRs9mZF2YtdSESH7cw+gK7mqt5xNq7f\nKPJZntvvPe/EkP5TO3EtBANVtyjMPGs4nq7sVjcWgZRzA3rAR/J7PHV0Rz9VByvW\ntwIDAQAB\n-----END PUBLIC KEY-----\n",
            "rsa_bits": 2048
          },
          "sensitive_attributes": []
        }
      ]
    }
  ],
  "check_results": null
}
